// !$*UTF8*$!
{
	archiveVersion = 1;
	classes = {
	};
	objectVersion = 46;
	objects = {

/* Begin PBXBuildFile section */
		01B379F5A934F5A695FE4EBE /* CoreTelephony.framework in Frameworks */ = {isa = PBXBuildFile; fileRef = 06D73468330AC5A1C4998148 /* CoreTelephony.framework */; };
		7BF7236DBB6F8DECF07BE6F7 /* BuddyBuildSDK.framework in Frameworks */ = {isa = PBXBuildFile; fileRef = B01E96B3A79F28B404E5C7A9 /* BuddyBuildSDK.framework */; };
		A2BBE965BF22085A4F5BA310 /* AssetsLibrary.framework in Frameworks */ = {isa = PBXBuildFile; fileRef = BD1FC0EBF17F4736BDCFA467 /* AssetsLibrary.framework */; };
		B80AAB6B19F96B5100B6A895 /* RandomColor.m in Sources */ = {isa = PBXBuildFile; fileRef = B80AAB6A19F96B5100B6A895 /* RandomColor.m */; };
		B80ACBA01A59FAA3007DC58C /* Story.m in Sources */ = {isa = PBXBuildFile; fileRef = B80ACB9F1A59FAA3007DC58C /* Story.m */; };
		B80FB6D119E988F800CE7A21 /* PrepareCommentsViewController.m in Sources */ = {isa = PBXBuildFile; fileRef = B80FB6D019E988F800CE7A21 /* PrepareCommentsViewController.m */; };
		B83E26C51A03F65200B14C30 /* ProfileViewCell.m in Sources */ = {isa = PBXBuildFile; fileRef = B83E26C41A03F65200B14C30 /* ProfileViewCell.m */; };
		B83E51451AAFA61900417CF8 /* Firebase.framework in Frameworks */ = {isa = PBXBuildFile; fileRef = B83E51441AAFA61900417CF8 /* Firebase.framework */; };
		B855F11E1A0E5881006014AD /* ReachabilityManager.m in Sources */ = {isa = PBXBuildFile; fileRef = B855F11D1A0E5881006014AD /* ReachabilityManager.m */; };
		B866190E1A0517530064976C /* Reachability.m in Sources */ = {isa = PBXBuildFile; fileRef = B866190D1A0517530064976C /* Reachability.m */; };
		B87E256719F6D2F4000773A2 /* PrepareProfileViewController.m in Sources */ = {isa = PBXBuildFile; fileRef = B87E256619F6D2F4000773A2 /* PrepareProfileViewController.m */; };
		B888605919EB289A00AF773F /* ProfileViewController.m in Sources */ = {isa = PBXBuildFile; fileRef = B888605819EB289A00AF773F /* ProfileViewController.m */; };
		B8929A3A19E7201900DCA903 /* CommentsViewController.m in Sources */ = {isa = PBXBuildFile; fileRef = B8929A3919E7201900DCA903 /* CommentsViewController.m */; };
		B89878C319EDAAB200F78332 /* UIButton+Extension.m in Sources */ = {isa = PBXBuildFile; fileRef = B89878C219EDAAB200F78332 /* UIButton+Extension.m */; };
		B8A35BA61A01AB8300140CD8 /* Utils.m in Sources */ = {isa = PBXBuildFile; fileRef = B8A35BA51A01AB8300140CD8 /* Utils.m */; };
		B8B031301A04F53200B6B0AE /* PrepareStoriesViewController.m in Sources */ = {isa = PBXBuildFile; fileRef = B8B0312F1A04F53200B6B0AE /* PrepareStoriesViewController.m */; };
		B8B2D5701AB4BAFA0004C73D /* MenuIconTableViewCell.m in Sources */ = {isa = PBXBuildFile; fileRef = B8B2D56F1AB4BAFA0004C73D /* MenuIconTableViewCell.m */; };
		B8B2D5731AB4FC840004C73D /* SVModalWebViewController.m in Sources */ = {isa = PBXBuildFile; fileRef = B8B2D5721AB4FC840004C73D /* SVModalWebViewController.m */; };
		B8B2D5761AB5055E0004C73D /* SVWebViewControllerCustomForModal.m in Sources */ = {isa = PBXBuildFile; fileRef = B8B2D5751AB5055E0004C73D /* SVWebViewControllerCustomForModal.m */; };
		B8B2D57E1AB50CCB0004C73D /* xButton.png in Resources */ = {isa = PBXBuildFile; fileRef = B8B2D57D1AB50CCB0004C73D /* xButton.png */; };
		B8B2D5811AB5142A0004C73D /* UIButtonCustomHighlight.m in Sources */ = {isa = PBXBuildFile; fileRef = B8B2D5801AB5142A0004C73D /* UIButtonCustomHighlight.m */; };
		B8BE606C1A0257FD005720DE /* UIButton2Tags.m in Sources */ = {isa = PBXBuildFile; fileRef = B8BE606B1A0257FD005720DE /* UIButton2Tags.m */; };
		B8C207931AB0D46300F6A5C2 /* CustomRevealViewController.m in Sources */ = {isa = PBXBuildFile; fileRef = B8C207921AB0D46300F6A5C2 /* CustomRevealViewController.m */; };
		B8C207991AB0DF8600F6A5C2 /* MenuViewController.m in Sources */ = {isa = PBXBuildFile; fileRef = B8C207981AB0DF8600F6A5C2 /* MenuViewController.m */; };
		B8C207B01AB0E86200F6A5C2 /* backButton2.png in Resources */ = {isa = PBXBuildFile; fileRef = B8C2079C1AB0E86200F6A5C2 /* backButton2.png */; };
		B8C207B11AB0E86200F6A5C2 /* backButton2@2x.png in Resources */ = {isa = PBXBuildFile; fileRef = B8C2079D1AB0E86200F6A5C2 /* backButton2@2x.png */; };
		B8C207B21AB0E86200F6A5C2 /* backButton2@3x.png in Resources */ = {isa = PBXBuildFile; fileRef = B8C2079E1AB0E86200F6A5C2 /* backButton2@3x.png */; };
		B8C207B31AB0E86200F6A5C2 /* backButton2Large.png in Resources */ = {isa = PBXBuildFile; fileRef = B8C2079F1AB0E86200F6A5C2 /* backButton2Large.png */; };
		B8C207B41AB0E86200F6A5C2 /* hnIconThin6.png in Resources */ = {isa = PBXBuildFile; fileRef = B8C207A11AB0E86200F6A5C2 /* hnIconThin6.png */; };
		B8C207B51AB0E86200F6A5C2 /* Icon-40.png in Resources */ = {isa = PBXBuildFile; fileRef = B8C207A21AB0E86200F6A5C2 /* Icon-40.png */; };
		B8C207B61AB0E86200F6A5C2 /* Icon-40@2x.png in Resources */ = {isa = PBXBuildFile; fileRef = B8C207A31AB0E86200F6A5C2 /* Icon-40@2x.png */; };
		B8C207B71AB0E86200F6A5C2 /* Icon-40@3x.png in Resources */ = {isa = PBXBuildFile; fileRef = B8C207A41AB0E86200F6A5C2 /* Icon-40@3x.png */; };
		B8C207B81AB0E86200F6A5C2 /* Icon-60@2x.png in Resources */ = {isa = PBXBuildFile; fileRef = B8C207A51AB0E86200F6A5C2 /* Icon-60@2x.png */; };
		B8C207B91AB0E86200F6A5C2 /* Icon-60@3x.png in Resources */ = {isa = PBXBuildFile; fileRef = B8C207A61AB0E86200F6A5C2 /* Icon-60@3x.png */; };
		B8C207BA1AB0E86200F6A5C2 /* Icon-76.png in Resources */ = {isa = PBXBuildFile; fileRef = B8C207A71AB0E86200F6A5C2 /* Icon-76.png */; };
		B8C207BB1AB0E86200F6A5C2 /* Icon-76@2x.png in Resources */ = {isa = PBXBuildFile; fileRef = B8C207A81AB0E86200F6A5C2 /* Icon-76@2x.png */; };
		B8C207BC1AB0E86200F6A5C2 /* Icon-Small.png in Resources */ = {isa = PBXBuildFile; fileRef = B8C207A91AB0E86200F6A5C2 /* Icon-Small.png */; };
		B8C207BD1AB0E86200F6A5C2 /* Icon-Small@2x.png in Resources */ = {isa = PBXBuildFile; fileRef = B8C207AA1AB0E86200F6A5C2 /* Icon-Small@2x.png */; };
		B8C207BE1AB0E86200F6A5C2 /* Icon-Small@3x.png in Resources */ = {isa = PBXBuildFile; fileRef = B8C207AB1AB0E86200F6A5C2 /* Icon-Small@3x.png */; };
		B8C207C91AB0ED8900F6A5C2 /* menuButton.png in Resources */ = {isa = PBXBuildFile; fileRef = B8C207C61AB0ED8900F6A5C2 /* menuButton.png */; };
		B8C207CA1AB0ED8900F6A5C2 /* menuButton@2x.png in Resources */ = {isa = PBXBuildFile; fileRef = B8C207C71AB0ED8900F6A5C2 /* menuButton@2x.png */; };
		B8C207CB1AB0ED8900F6A5C2 /* menuButton@3x.png in Resources */ = {isa = PBXBuildFile; fileRef = B8C207C81AB0ED8900F6A5C2 /* menuButton@3x.png */; };
		B8C7CB3B19E5DA860069A312 /* NSString+ExtractDomain.h in Sources */ = {isa = PBXBuildFile; fileRef = B8C7CB3A19E5DA860069A312 /* NSString+ExtractDomain.h */; };
		B8CD21191A584060006A5526 /* CircleView.m in Sources */ = {isa = PBXBuildFile; fileRef = B8CD21181A584060006A5526 /* CircleView.m */; };
		B8CDFE341A5B7B1900E2D9CC /* DataStore.m in Sources */ = {isa = PBXBuildFile; fileRef = B8CDFE331A5B7B1900E2D9CC /* DataStore.m */; };
		B8EE1B3D19E8551B004267EA /* CommentTableViewCell.m in Sources */ = {isa = PBXBuildFile; fileRef = B8EE1B3C19E8551B004267EA /* CommentTableViewCell.m */; };
		B8F52FC719E884DA00C7F640 /* labelVIew.m in Sources */ = {isa = PBXBuildFile; fileRef = B8F52FC619E884DA00C7F640 /* labelVIew.m */; };
		D3305AAB1A0A7B620063B3A0 /* NSString+RemoveTag.m in Sources */ = {isa = PBXBuildFile; fileRef = D3305AAA1A0A7B620063B3A0 /* NSString+RemoveTag.m */; };
		D344D68919E59A8900EE5880 /* HNTableViewCell.m in Sources */ = {isa = PBXBuildFile; fileRef = D344D68819E59A8900EE5880 /* HNTableViewCell.m */; };
		D353348A19E544DF0060B70D /* main.m in Sources */ = {isa = PBXBuildFile; fileRef = D353348919E544DF0060B70D /* main.m */; };
		D353348D19E544DF0060B70D /* AppDelegate.m in Sources */ = {isa = PBXBuildFile; fileRef = D353348C19E544DF0060B70D /* AppDelegate.m */; };
		D353349519E544DF0060B70D /* Images.xcassets in Resources */ = {isa = PBXBuildFile; fileRef = D353349419E544DF0060B70D /* Images.xcassets */; };
		D353349819E544DF0060B70D /* LaunchScreen.xib in Resources */ = {isa = PBXBuildFile; fileRef = D353349619E544DF0060B70D /* LaunchScreen.xib */; };
		D35334A419E544DF0060B70D /* hnTests.m in Sources */ = {isa = PBXBuildFile; fileRef = D35334A319E544DF0060B70D /* hnTests.m */; };
		D35334AF19E546900060B70D /* TableViewController.m in Sources */ = {isa = PBXBuildFile; fileRef = D35334AE19E546900060B70D /* TableViewController.m */; };
		D35334B219E546D80060B70D /* Main.storyboard in Resources */ = {isa = PBXBuildFile; fileRef = D35334B019E546D80060B70D /* Main.storyboard */; };
		D35334B619E547DB0060B70D /* libicucore.dylib in Frameworks */ = {isa = PBXBuildFile; fileRef = D35334B519E547DB0060B70D /* libicucore.dylib */; };
		D35334B819E547E50060B70D /* libc++.dylib in Frameworks */ = {isa = PBXBuildFile; fileRef = D35334B719E547E50060B70D /* libc++.dylib */; };
		D35334BA19E547ED0060B70D /* CFNetwork.framework in Frameworks */ = {isa = PBXBuildFile; fileRef = D35334B919E547ED0060B70D /* CFNetwork.framework */; };
		D35334BC19E547F30060B70D /* Security.framework in Frameworks */ = {isa = PBXBuildFile; fileRef = D35334BB19E547F30060B70D /* Security.framework */; };
		D35334BE19E547FB0060B70D /* SystemConfiguration.framework in Frameworks */ = {isa = PBXBuildFile; fileRef = D35334BD19E547FB0060B70D /* SystemConfiguration.framework */; };
		D35F9D981AB1CA150043374B /* MenuTableViewCell.m in Sources */ = {isa = PBXBuildFile; fileRef = D35F9D971AB1CA150043374B /* MenuTableViewCell.m */; };
		D35F9D9C1AB1D08A0043374B /* flower.jpg in Resources */ = {isa = PBXBuildFile; fileRef = D35F9D9B1AB1D08A0043374B /* flower.jpg */; };
		D36002381A6D3F9900DBAD35 /* NSString+ExtractDomain.m in Sources */ = {isa = PBXBuildFile; fileRef = B8C7CB3919E5DA860069A312 /* NSString+ExtractDomain.m */; };
		D36002401A6D418300DBAD35 /* Model.xcdatamodeld in Sources */ = {isa = PBXBuildFile; fileRef = D360023E1A6D418300DBAD35 /* Model.xcdatamodeld */; };
		D3FD0DCC19E5732E00DE43E5 /* SVWebViewController.strings in Resources */ = {isa = PBXBuildFile; fileRef = D3FD0DAD19E5732E00DE43E5 /* SVWebViewController.strings */; };
		D3FD0DCE19E5732E00DE43E5 /* SVWebViewController.bundle in Resources */ = {isa = PBXBuildFile; fileRef = D3FD0DB819E5732E00DE43E5 /* SVWebViewController.bundle */; };
		D3FD0DCF19E5732E00DE43E5 /* SVWebViewController.m in Sources */ = {isa = PBXBuildFile; fileRef = D3FD0DBA19E5732E00DE43E5 /* SVWebViewController.m */; };
		D3FD0DD019E5732E00DE43E5 /* SVWebViewControllerActivityChrome-iPad.png in Resources */ = {isa = PBXBuildFile; fileRef = D3FD0DBD19E5732E00DE43E5 /* SVWebViewControllerActivityChrome-iPad.png */; };
		D3FD0DD119E5732E00DE43E5 /* SVWebViewControllerActivityChrome-iPad@2x.png in Resources */ = {isa = PBXBuildFile; fileRef = D3FD0DBE19E5732E00DE43E5 /* SVWebViewControllerActivityChrome-iPad@2x.png */; };
		D3FD0DD219E5732E00DE43E5 /* SVWebViewControllerActivityChrome.m in Sources */ = {isa = PBXBuildFile; fileRef = D3FD0DC019E5732E00DE43E5 /* SVWebViewControllerActivityChrome.m */; };
		D3FD0DD319E5732E00DE43E5 /* SVWebViewControllerActivityChrome@2x.png in Resources */ = {isa = PBXBuildFile; fileRef = D3FD0DC119E5732E00DE43E5 /* SVWebViewControllerActivityChrome@2x.png */; };
		D3FD0DD419E5732E00DE43E5 /* SVWebViewControllerActivitySafari-iPad.png in Resources */ = {isa = PBXBuildFile; fileRef = D3FD0DC319E5732E00DE43E5 /* SVWebViewControllerActivitySafari-iPad.png */; };
		D3FD0DD519E5732E00DE43E5 /* SVWebViewControllerActivitySafari-iPad@2x.png in Resources */ = {isa = PBXBuildFile; fileRef = D3FD0DC419E5732E00DE43E5 /* SVWebViewControllerActivitySafari-iPad@2x.png */; };
		D3FD0DD619E5732E00DE43E5 /* SVWebViewControllerActivitySafari.m in Sources */ = {isa = PBXBuildFile; fileRef = D3FD0DC619E5732E00DE43E5 /* SVWebViewControllerActivitySafari.m */; };
		D3FD0DD719E5732E00DE43E5 /* SVWebViewControllerActivitySafari@2x.png in Resources */ = {isa = PBXBuildFile; fileRef = D3FD0DC719E5732E00DE43E5 /* SVWebViewControllerActivitySafari@2x.png */; };
		D3FD0DD819E5732E00DE43E5 /* SVWebViewControllerActivity.m in Sources */ = {isa = PBXBuildFile; fileRef = D3FD0DC919E5732E00DE43E5 /* SVWebViewControllerActivity.m */; };
		F0F8F9D5A235E8B8841EDAD3 /* CoreText.framework in Frameworks */ = {isa = PBXBuildFile; fileRef = 0C92DDFA69BAF80A92B93D6C /* CoreText.framework */; };
		F323E55FD2E34BFA8DBE8609 /* libPods.a in Frameworks */ = {isa = PBXBuildFile; fileRef = 7571192AB6564A6EA5F9166D /* libPods.a */; };
/* End PBXBuildFile section */

/* Begin PBXContainerItemProxy section */
		D353349E19E544DF0060B70D /* PBXContainerItemProxy */ = {
			isa = PBXContainerItemProxy;
			containerPortal = D353347C19E544DF0060B70D /* Project object */;
			proxyType = 1;
			remoteGlobalIDString = D353348319E544DF0060B70D;
			remoteInfo = hn;
		};
/* End PBXContainerItemProxy section */

/* Begin PBXFileReference section */
		06D73468330AC5A1C4998148 /* CoreTelephony.framework */ = {isa = PBXFileReference; lastKnownFileType = wrapper.framework; name = CoreTelephony.framework; path = System/Library/Frameworks/CoreTelephony.framework; sourceTree = SDKROOT; };
		0C92DDFA69BAF80A92B93D6C /* CoreText.framework */ = {isa = PBXFileReference; lastKnownFileType = wrapper.framework; name = CoreText.framework; path = System/Library/Frameworks/CoreText.framework; sourceTree = SDKROOT; };
		7571192AB6564A6EA5F9166D /* libPods.a */ = {isa = PBXFileReference; explicitFileType = archive.ar; includeInIndex = 0; path = libPods.a; sourceTree = BUILT_PRODUCTS_DIR; };
		7A18F70820EDFA133FF4A3EF /* Pods.debug.xcconfig */ = {isa = PBXFileReference; includeInIndex = 1; lastKnownFileType = text.xcconfig; name = Pods.debug.xcconfig; path = "Pods/Target Support Files/Pods/Pods.debug.xcconfig"; sourceTree = "<group>"; };
		B01E96B3A79F28B404E5C7A9 /* BuddyBuildSDK.framework */ = {isa = PBXFileReference; lastKnownFileType = wrapper.framework; path = BuddyBuildSDK.framework; sourceTree = "<group>"; };
		B80AAB6919F96B5100B6A895 /* RandomColor.h */ = {isa = PBXFileReference; fileEncoding = 4; lastKnownFileType = sourcecode.c.h; name = RandomColor.h; path = Utils/RandomColor.h; sourceTree = "<group>"; };
		B80AAB6A19F96B5100B6A895 /* RandomColor.m */ = {isa = PBXFileReference; fileEncoding = 4; lastKnownFileType = sourcecode.c.objc; name = RandomColor.m; path = Utils/RandomColor.m; sourceTree = "<group>"; };
		B80ACB9E1A59FAA3007DC58C /* Story.h */ = {isa = PBXFileReference; fileEncoding = 4; lastKnownFileType = sourcecode.c.h; name = Story.h; path = "Core Data/Story.h"; sourceTree = "<group>"; };
		B80ACB9F1A59FAA3007DC58C /* Story.m */ = {isa = PBXFileReference; fileEncoding = 4; lastKnownFileType = sourcecode.c.objc; name = Story.m; path = "Core Data/Story.m"; sourceTree = "<group>"; };
		B80FB6CF19E988F800CE7A21 /* PrepareCommentsViewController.h */ = {isa = PBXFileReference; fileEncoding = 4; lastKnownFileType = sourcecode.c.h; name = PrepareCommentsViewController.h; path = "View Controllers/PrepareCommentsViewController.h"; sourceTree = "<group>"; };
		B80FB6D019E988F800CE7A21 /* PrepareCommentsViewController.m */ = {isa = PBXFileReference; fileEncoding = 4; lastKnownFileType = sourcecode.c.objc; name = PrepareCommentsViewController.m; path = "View Controllers/PrepareCommentsViewController.m"; sourceTree = "<group>"; };
		B83E26C31A03F65200B14C30 /* ProfileViewCell.h */ = {isa = PBXFileReference; fileEncoding = 4; lastKnownFileType = sourcecode.c.h; name = ProfileViewCell.h; path = Views/ProfileViewCell.h; sourceTree = "<group>"; };
		B83E26C41A03F65200B14C30 /* ProfileViewCell.m */ = {isa = PBXFileReference; fileEncoding = 4; lastKnownFileType = sourcecode.c.objc; name = ProfileViewCell.m; path = Views/ProfileViewCell.m; sourceTree = "<group>"; };
		B83E51441AAFA61900417CF8 /* Firebase.framework */ = {isa = PBXFileReference; lastKnownFileType = wrapper.framework; path = Firebase.framework; sourceTree = "<group>"; };
		B855F11C1A0E5881006014AD /* ReachabilityManager.h */ = {isa = PBXFileReference; fileEncoding = 4; lastKnownFileType = sourcecode.c.h; name = ReachabilityManager.h; path = Utils/Reachability/ReachabilityManager.h; sourceTree = "<group>"; };
		B855F11D1A0E5881006014AD /* ReachabilityManager.m */ = {isa = PBXFileReference; fileEncoding = 4; lastKnownFileType = sourcecode.c.objc; name = ReachabilityManager.m; path = Utils/Reachability/ReachabilityManager.m; sourceTree = "<group>"; };
		B866190C1A0517530064976C /* Reachability.h */ = {isa = PBXFileReference; fileEncoding = 4; lastKnownFileType = sourcecode.c.h; name = Reachability.h; path = Utils/Reachability/Reachability.h; sourceTree = "<group>"; };
		B866190D1A0517530064976C /* Reachability.m */ = {isa = PBXFileReference; fileEncoding = 4; lastKnownFileType = sourcecode.c.objc; name = Reachability.m; path = Utils/Reachability/Reachability.m; sourceTree = "<group>"; };
		B87E256519F6D2F4000773A2 /* PrepareProfileViewController.h */ = {isa = PBXFileReference; fileEncoding = 4; lastKnownFileType = sourcecode.c.h; name = PrepareProfileViewController.h; path = "View Controllers/PrepareProfileViewController.h"; sourceTree = "<group>"; };
		B87E256619F6D2F4000773A2 /* PrepareProfileViewController.m */ = {isa = PBXFileReference; fileEncoding = 4; lastKnownFileType = sourcecode.c.objc; name = PrepareProfileViewController.m; path = "View Controllers/PrepareProfileViewController.m"; sourceTree = "<group>"; };
		B888605719EB289A00AF773F /* ProfileViewController.h */ = {isa = PBXFileReference; fileEncoding = 4; lastKnownFileType = sourcecode.c.h; name = ProfileViewController.h; path = "View Controllers/ProfileViewController.h"; sourceTree = "<group>"; };
		B888605819EB289A00AF773F /* ProfileViewController.m */ = {isa = PBXFileReference; fileEncoding = 4; lastKnownFileType = sourcecode.c.objc; name = ProfileViewController.m; path = "View Controllers/ProfileViewController.m"; sourceTree = "<group>"; };
		B8929A3819E7201900DCA903 /* CommentsViewController.h */ = {isa = PBXFileReference; fileEncoding = 4; lastKnownFileType = sourcecode.c.h; name = CommentsViewController.h; path = "View Controllers/CommentsViewController.h"; sourceTree = "<group>"; };
		B8929A3919E7201900DCA903 /* CommentsViewController.m */ = {isa = PBXFileReference; fileEncoding = 4; lastKnownFileType = sourcecode.c.objc; name = CommentsViewController.m; path = "View Controllers/CommentsViewController.m"; sourceTree = "<group>"; };
		B89878C119EDAAB200F78332 /* UIButton+Extension.h */ = {isa = PBXFileReference; fileEncoding = 4; lastKnownFileType = sourcecode.c.h; name = "UIButton+Extension.h"; path = "Views/UIButton+Extension.h"; sourceTree = "<group>"; };
		B89878C219EDAAB200F78332 /* UIButton+Extension.m */ = {isa = PBXFileReference; fileEncoding = 4; lastKnownFileType = sourcecode.c.objc; name = "UIButton+Extension.m"; path = "Views/UIButton+Extension.m"; sourceTree = "<group>"; };
		B8A35BA41A01AB8300140CD8 /* Utils.h */ = {isa = PBXFileReference; fileEncoding = 4; lastKnownFileType = sourcecode.c.h; name = Utils.h; path = Utils/Utils.h; sourceTree = "<group>"; };
		B8A35BA51A01AB8300140CD8 /* Utils.m */ = {isa = PBXFileReference; fileEncoding = 4; lastKnownFileType = sourcecode.c.objc; name = Utils.m; path = Utils/Utils.m; sourceTree = "<group>"; };
		B8B0312E1A04F53200B6B0AE /* PrepareStoriesViewController.h */ = {isa = PBXFileReference; fileEncoding = 4; lastKnownFileType = sourcecode.c.h; name = PrepareStoriesViewController.h; path = "View Controllers/PrepareStoriesViewController.h"; sourceTree = "<group>"; };
		B8B0312F1A04F53200B6B0AE /* PrepareStoriesViewController.m */ = {isa = PBXFileReference; fileEncoding = 4; lastKnownFileType = sourcecode.c.objc; name = PrepareStoriesViewController.m; path = "View Controllers/PrepareStoriesViewController.m"; sourceTree = "<group>"; };
		B8B2D56E1AB4BAFA0004C73D /* MenuIconTableViewCell.h */ = {isa = PBXFileReference; fileEncoding = 4; lastKnownFileType = sourcecode.c.h; path = MenuIconTableViewCell.h; sourceTree = "<group>"; };
		B8B2D56F1AB4BAFA0004C73D /* MenuIconTableViewCell.m */ = {isa = PBXFileReference; fileEncoding = 4; lastKnownFileType = sourcecode.c.objc; path = MenuIconTableViewCell.m; sourceTree = "<group>"; };
		B8B2D5711AB4FC840004C73D /* SVModalWebViewController.h */ = {isa = PBXFileReference; fileEncoding = 4; lastKnownFileType = sourcecode.c.h; path = SVModalWebViewController.h; sourceTree = "<group>"; };
		B8B2D5721AB4FC840004C73D /* SVModalWebViewController.m */ = {isa = PBXFileReference; fileEncoding = 4; lastKnownFileType = sourcecode.c.objc; path = SVModalWebViewController.m; sourceTree = "<group>"; };
		B8B2D5741AB5055E0004C73D /* SVWebViewControllerCustomForModal.h */ = {isa = PBXFileReference; fileEncoding = 4; lastKnownFileType = sourcecode.c.h; path = SVWebViewControllerCustomForModal.h; sourceTree = "<group>"; };
		B8B2D5751AB5055E0004C73D /* SVWebViewControllerCustomForModal.m */ = {isa = PBXFileReference; fileEncoding = 4; lastKnownFileType = sourcecode.c.objc; path = SVWebViewControllerCustomForModal.m; sourceTree = "<group>"; };
		B8B2D57D1AB50CCB0004C73D /* xButton.png */ = {isa = PBXFileReference; lastKnownFileType = image.png; path = xButton.png; sourceTree = "<group>"; };
		B8B2D57F1AB5142A0004C73D /* UIButtonCustomHighlight.h */ = {isa = PBXFileReference; fileEncoding = 4; lastKnownFileType = sourcecode.c.h; path = UIButtonCustomHighlight.h; sourceTree = "<group>"; };
		B8B2D5801AB5142A0004C73D /* UIButtonCustomHighlight.m */ = {isa = PBXFileReference; fileEncoding = 4; lastKnownFileType = sourcecode.c.objc; path = UIButtonCustomHighlight.m; sourceTree = "<group>"; };
		B8BE606A1A0257FD005720DE /* UIButton2Tags.h */ = {isa = PBXFileReference; fileEncoding = 4; lastKnownFileType = sourcecode.c.h; name = UIButton2Tags.h; path = Views/UIButton2Tags.h; sourceTree = "<group>"; };
		B8BE606B1A0257FD005720DE /* UIButton2Tags.m */ = {isa = PBXFileReference; fileEncoding = 4; lastKnownFileType = sourcecode.c.objc; name = UIButton2Tags.m; path = Views/UIButton2Tags.m; sourceTree = "<group>"; };
		B8C207911AB0D46300F6A5C2 /* CustomRevealViewController.h */ = {isa = PBXFileReference; fileEncoding = 4; lastKnownFileType = sourcecode.c.h; path = CustomRevealViewController.h; sourceTree = "<group>"; };
		B8C207921AB0D46300F6A5C2 /* CustomRevealViewController.m */ = {isa = PBXFileReference; fileEncoding = 4; lastKnownFileType = sourcecode.c.objc; path = CustomRevealViewController.m; sourceTree = "<group>"; };
		B8C207971AB0DF8600F6A5C2 /* MenuViewController.h */ = {isa = PBXFileReference; fileEncoding = 4; lastKnownFileType = sourcecode.c.h; path = MenuViewController.h; sourceTree = "<group>"; };
		B8C207981AB0DF8600F6A5C2 /* MenuViewController.m */ = {isa = PBXFileReference; fileEncoding = 4; lastKnownFileType = sourcecode.c.objc; path = MenuViewController.m; sourceTree = "<group>"; };
		B8C2079C1AB0E86200F6A5C2 /* backButton2.png */ = {isa = PBXFileReference; lastKnownFileType = image.png; path = backButton2.png; sourceTree = "<group>"; };
		B8C2079D1AB0E86200F6A5C2 /* backButton2@2x.png */ = {isa = PBXFileReference; lastKnownFileType = image.png; path = "backButton2@2x.png"; sourceTree = "<group>"; };
		B8C2079E1AB0E86200F6A5C2 /* backButton2@3x.png */ = {isa = PBXFileReference; lastKnownFileType = image.png; path = "backButton2@3x.png"; sourceTree = "<group>"; };
		B8C2079F1AB0E86200F6A5C2 /* backButton2Large.png */ = {isa = PBXFileReference; lastKnownFileType = image.png; path = backButton2Large.png; sourceTree = "<group>"; };
		B8C207A11AB0E86200F6A5C2 /* hnIconThin6.png */ = {isa = PBXFileReference; lastKnownFileType = image.png; path = hnIconThin6.png; sourceTree = "<group>"; };
		B8C207A21AB0E86200F6A5C2 /* Icon-40.png */ = {isa = PBXFileReference; lastKnownFileType = image.png; path = "Icon-40.png"; sourceTree = "<group>"; };
		B8C207A31AB0E86200F6A5C2 /* Icon-40@2x.png */ = {isa = PBXFileReference; lastKnownFileType = image.png; path = "Icon-40@2x.png"; sourceTree = "<group>"; };
		B8C207A41AB0E86200F6A5C2 /* Icon-40@3x.png */ = {isa = PBXFileReference; lastKnownFileType = image.png; path = "Icon-40@3x.png"; sourceTree = "<group>"; };
		B8C207A51AB0E86200F6A5C2 /* Icon-60@2x.png */ = {isa = PBXFileReference; lastKnownFileType = image.png; path = "Icon-60@2x.png"; sourceTree = "<group>"; };
		B8C207A61AB0E86200F6A5C2 /* Icon-60@3x.png */ = {isa = PBXFileReference; lastKnownFileType = image.png; path = "Icon-60@3x.png"; sourceTree = "<group>"; };
		B8C207A71AB0E86200F6A5C2 /* Icon-76.png */ = {isa = PBXFileReference; lastKnownFileType = image.png; path = "Icon-76.png"; sourceTree = "<group>"; };
		B8C207A81AB0E86200F6A5C2 /* Icon-76@2x.png */ = {isa = PBXFileReference; lastKnownFileType = image.png; path = "Icon-76@2x.png"; sourceTree = "<group>"; };
		B8C207A91AB0E86200F6A5C2 /* Icon-Small.png */ = {isa = PBXFileReference; lastKnownFileType = image.png; path = "Icon-Small.png"; sourceTree = "<group>"; };
		B8C207AA1AB0E86200F6A5C2 /* Icon-Small@2x.png */ = {isa = PBXFileReference; lastKnownFileType = image.png; path = "Icon-Small@2x.png"; sourceTree = "<group>"; };
		B8C207AB1AB0E86200F6A5C2 /* Icon-Small@3x.png */ = {isa = PBXFileReference; lastKnownFileType = image.png; path = "Icon-Small@3x.png"; sourceTree = "<group>"; };
		B8C207C61AB0ED8900F6A5C2 /* menuButton.png */ = {isa = PBXFileReference; lastKnownFileType = image.png; path = menuButton.png; sourceTree = "<group>"; };
		B8C207C71AB0ED8900F6A5C2 /* menuButton@2x.png */ = {isa = PBXFileReference; lastKnownFileType = image.png; path = "menuButton@2x.png"; sourceTree = "<group>"; };
		B8C207C81AB0ED8900F6A5C2 /* menuButton@3x.png */ = {isa = PBXFileReference; lastKnownFileType = image.png; path = "menuButton@3x.png"; sourceTree = "<group>"; };
		B8C7CB3919E5DA860069A312 /* NSString+ExtractDomain.m */ = {isa = PBXFileReference; fileEncoding = 4; lastKnownFileType = sourcecode.c.objc; name = "NSString+ExtractDomain.m"; path = "Categories/NSString+ExtractDomain.m"; sourceTree = "<group>"; };
		B8C7CB3A19E5DA860069A312 /* NSString+ExtractDomain.h */ = {isa = PBXFileReference; fileEncoding = 4; lastKnownFileType = sourcecode.c.h; name = "NSString+ExtractDomain.h"; path = "Categories/NSString+ExtractDomain.h"; sourceTree = "<group>"; };
		B8CD21171A584060006A5526 /* CircleView.h */ = {isa = PBXFileReference; fileEncoding = 4; lastKnownFileType = sourcecode.c.h; name = CircleView.h; path = Views/CircleView.h; sourceTree = "<group>"; };
		B8CD21181A584060006A5526 /* CircleView.m */ = {isa = PBXFileReference; fileEncoding = 4; lastKnownFileType = sourcecode.c.objc; name = CircleView.m; path = Views/CircleView.m; sourceTree = "<group>"; };
		B8CDFE321A5B7B1900E2D9CC /* DataStore.h */ = {isa = PBXFileReference; fileEncoding = 4; lastKnownFileType = sourcecode.c.h; name = DataStore.h; path = "Core Data/DataStore.h"; sourceTree = "<group>"; };
		B8CDFE331A5B7B1900E2D9CC /* DataStore.m */ = {isa = PBXFileReference; fileEncoding = 4; lastKnownFileType = sourcecode.c.objc; name = DataStore.m; path = "Core Data/DataStore.m"; sourceTree = "<group>"; };
		B8EE1B3B19E8551B004267EA /* CommentTableViewCell.h */ = {isa = PBXFileReference; fileEncoding = 4; lastKnownFileType = sourcecode.c.h; name = CommentTableViewCell.h; path = Views/CommentTableViewCell.h; sourceTree = "<group>"; };
		B8EE1B3C19E8551B004267EA /* CommentTableViewCell.m */ = {isa = PBXFileReference; fileEncoding = 4; lastKnownFileType = sourcecode.c.objc; name = CommentTableViewCell.m; path = Views/CommentTableViewCell.m; sourceTree = "<group>"; };
		B8F52FC519E884DA00C7F640 /* labelVIew.h */ = {isa = PBXFileReference; fileEncoding = 4; lastKnownFileType = sourcecode.c.h; name = labelVIew.h; path = Views/labelVIew.h; sourceTree = "<group>"; };
		B8F52FC619E884DA00C7F640 /* labelVIew.m */ = {isa = PBXFileReference; fileEncoding = 4; lastKnownFileType = sourcecode.c.objc; name = labelVIew.m; path = Views/labelVIew.m; sourceTree = "<group>"; };
		BD1FC0EBF17F4736BDCFA467 /* AssetsLibrary.framework */ = {isa = PBXFileReference; lastKnownFileType = wrapper.framework; name = AssetsLibrary.framework; path = System/Library/Frameworks/AssetsLibrary.framework; sourceTree = SDKROOT; };
		CE9D1F71A24EDB448C82F3CD /* Pods.release.xcconfig */ = {isa = PBXFileReference; includeInIndex = 1; lastKnownFileType = text.xcconfig; name = Pods.release.xcconfig; path = "Pods/Target Support Files/Pods/Pods.release.xcconfig"; sourceTree = "<group>"; };
		D3305AA91A0A7B620063B3A0 /* NSString+RemoveTag.h */ = {isa = PBXFileReference; fileEncoding = 4; lastKnownFileType = sourcecode.c.h; name = "NSString+RemoveTag.h"; path = "Categories/NSString+RemoveTag.h"; sourceTree = "<group>"; };
		D3305AAA1A0A7B620063B3A0 /* NSString+RemoveTag.m */ = {isa = PBXFileReference; fileEncoding = 4; lastKnownFileType = sourcecode.c.objc; name = "NSString+RemoveTag.m"; path = "Categories/NSString+RemoveTag.m"; sourceTree = "<group>"; };
		D344D68719E59A8900EE5880 /* HNTableViewCell.h */ = {isa = PBXFileReference; fileEncoding = 4; lastKnownFileType = sourcecode.c.h; name = HNTableViewCell.h; path = Views/HNTableViewCell.h; sourceTree = "<group>"; };
		D344D68819E59A8900EE5880 /* HNTableViewCell.m */ = {isa = PBXFileReference; fileEncoding = 4; lastKnownFileType = sourcecode.c.objc; name = HNTableViewCell.m; path = Views/HNTableViewCell.m; sourceTree = "<group>"; };
		D353348419E544DF0060B70D /* hn.app */ = {isa = PBXFileReference; explicitFileType = wrapper.application; includeInIndex = 0; path = hn.app; sourceTree = BUILT_PRODUCTS_DIR; };
		D353348819E544DF0060B70D /* Info.plist */ = {isa = PBXFileReference; lastKnownFileType = text.plist.xml; path = Info.plist; sourceTree = "<group>"; };
		D353348919E544DF0060B70D /* main.m */ = {isa = PBXFileReference; lastKnownFileType = sourcecode.c.objc; path = main.m; sourceTree = "<group>"; };
		D353348B19E544DF0060B70D /* AppDelegate.h */ = {isa = PBXFileReference; lastKnownFileType = sourcecode.c.h; path = AppDelegate.h; sourceTree = "<group>"; };
		D353348C19E544DF0060B70D /* AppDelegate.m */ = {isa = PBXFileReference; lastKnownFileType = sourcecode.c.objc; path = AppDelegate.m; sourceTree = "<group>"; };
		D353349419E544DF0060B70D /* Images.xcassets */ = {isa = PBXFileReference; lastKnownFileType = folder.assetcatalog; path = Images.xcassets; sourceTree = "<group>"; };
		D353349719E544DF0060B70D /* Base */ = {isa = PBXFileReference; lastKnownFileType = file.xib; name = Base; path = Base.lproj/LaunchScreen.xib; sourceTree = "<group>"; };
		D353349D19E544DF0060B70D /* hnTests.xctest */ = {isa = PBXFileReference; explicitFileType = wrapper.cfbundle; includeInIndex = 0; path = hnTests.xctest; sourceTree = BUILT_PRODUCTS_DIR; };
		D35334A219E544DF0060B70D /* Info.plist */ = {isa = PBXFileReference; lastKnownFileType = text.plist.xml; path = Info.plist; sourceTree = "<group>"; };
		D35334A319E544DF0060B70D /* hnTests.m */ = {isa = PBXFileReference; lastKnownFileType = sourcecode.c.objc; path = hnTests.m; sourceTree = "<group>"; };
		D35334AD19E546900060B70D /* TableViewController.h */ = {isa = PBXFileReference; fileEncoding = 4; lastKnownFileType = sourcecode.c.h; name = TableViewController.h; path = "View Controllers/TableViewController.h"; sourceTree = "<group>"; };
		D35334AE19E546900060B70D /* TableViewController.m */ = {isa = PBXFileReference; fileEncoding = 4; lastKnownFileType = sourcecode.c.objc; name = TableViewController.m; path = "View Controllers/TableViewController.m"; sourceTree = "<group>"; };
		D35334B119E546D80060B70D /* Base */ = {isa = PBXFileReference; lastKnownFileType = file.storyboard; name = Base; path = Base.lproj/Main.storyboard; sourceTree = "<group>"; };
		D35334B519E547DB0060B70D /* libicucore.dylib */ = {isa = PBXFileReference; lastKnownFileType = "compiled.mach-o.dylib"; name = libicucore.dylib; path = usr/lib/libicucore.dylib; sourceTree = SDKROOT; };
		D35334B719E547E50060B70D /* libc++.dylib */ = {isa = PBXFileReference; lastKnownFileType = "compiled.mach-o.dylib"; name = "libc++.dylib"; path = "usr/lib/libc++.dylib"; sourceTree = SDKROOT; };
		D35334B919E547ED0060B70D /* CFNetwork.framework */ = {isa = PBXFileReference; lastKnownFileType = wrapper.framework; name = CFNetwork.framework; path = System/Library/Frameworks/CFNetwork.framework; sourceTree = SDKROOT; };
		D35334BB19E547F30060B70D /* Security.framework */ = {isa = PBXFileReference; lastKnownFileType = wrapper.framework; name = Security.framework; path = System/Library/Frameworks/Security.framework; sourceTree = SDKROOT; };
		D35334BD19E547FB0060B70D /* SystemConfiguration.framework */ = {isa = PBXFileReference; lastKnownFileType = wrapper.framework; name = SystemConfiguration.framework; path = System/Library/Frameworks/SystemConfiguration.framework; sourceTree = SDKROOT; };
		D35F9D961AB1CA150043374B /* MenuTableViewCell.h */ = {isa = PBXFileReference; fileEncoding = 4; lastKnownFileType = sourcecode.c.h; path = MenuTableViewCell.h; sourceTree = "<group>"; };
		D35F9D971AB1CA150043374B /* MenuTableViewCell.m */ = {isa = PBXFileReference; fileEncoding = 4; lastKnownFileType = sourcecode.c.objc; path = MenuTableViewCell.m; sourceTree = "<group>"; };
		D35F9D9B1AB1D08A0043374B /* flower.jpg */ = {isa = PBXFileReference; lastKnownFileType = image.jpeg; name = flower.jpg; path = Assets/flower.jpg; sourceTree = "<group>"; };
		D360023F1A6D418300DBAD35 /* Model.xcdatamodel */ = {isa = PBXFileReference; lastKnownFileType = wrapper.xcdatamodel; path = Model.xcdatamodel; sourceTree = "<group>"; };
		D3FD0DAE19E5732E00DE43E5 /* da */ = {isa = PBXFileReference; lastKnownFileType = text.plist.strings; name = da; path = da.lproj/SVWebViewController.strings; sourceTree = "<group>"; };
		D3FD0DAF19E5732E00DE43E5 /* de */ = {isa = PBXFileReference; lastKnownFileType = text.plist.strings; name = de; path = de.lproj/SVWebViewController.strings; sourceTree = "<group>"; };
		D3FD0DB019E5732E00DE43E5 /* en */ = {isa = PBXFileReference; lastKnownFileType = text.plist.strings; name = en; path = en.lproj/SVWebViewController.strings; sourceTree = "<group>"; };
		D3FD0DB119E5732E00DE43E5 /* es-ES */ = {isa = PBXFileReference; lastKnownFileType = text.plist.strings; name = "es-ES"; path = "es-ES.lproj/SVWebViewController.strings"; sourceTree = "<group>"; };
		D3FD0DB219E5732E00DE43E5 /* es */ = {isa = PBXFileReference; lastKnownFileType = text.plist.strings; name = es; path = es.lproj/SVWebViewController.strings; sourceTree = "<group>"; };
		D3FD0DB319E5732E00DE43E5 /* fr */ = {isa = PBXFileReference; lastKnownFileType = text.plist.strings; name = fr; path = fr.lproj/SVWebViewController.strings; sourceTree = "<group>"; };
		D3FD0DB419E5732E00DE43E5 /* ja */ = {isa = PBXFileReference; lastKnownFileType = text.plist.strings; name = ja; path = ja.lproj/SVWebViewController.strings; sourceTree = "<group>"; };
		D3FD0DB519E5732E00DE43E5 /* pt */ = {isa = PBXFileReference; lastKnownFileType = text.plist.strings; name = pt; path = pt.lproj/SVWebViewController.strings; sourceTree = "<group>"; };
		D3FD0DB819E5732E00DE43E5 /* SVWebViewController.bundle */ = {isa = PBXFileReference; lastKnownFileType = "wrapper.plug-in"; path = SVWebViewController.bundle; sourceTree = "<group>"; };
		D3FD0DB919E5732E00DE43E5 /* SVWebViewController.h */ = {isa = PBXFileReference; fileEncoding = 4; lastKnownFileType = sourcecode.c.h; path = SVWebViewController.h; sourceTree = "<group>"; };
		D3FD0DBA19E5732E00DE43E5 /* SVWebViewController.m */ = {isa = PBXFileReference; fileEncoding = 4; lastKnownFileType = sourcecode.c.objc; path = SVWebViewController.m; sourceTree = "<group>"; };
		D3FD0DBD19E5732E00DE43E5 /* SVWebViewControllerActivityChrome-iPad.png */ = {isa = PBXFileReference; lastKnownFileType = image.png; path = "SVWebViewControllerActivityChrome-iPad.png"; sourceTree = "<group>"; };
		D3FD0DBE19E5732E00DE43E5 /* SVWebViewControllerActivityChrome-iPad@2x.png */ = {isa = PBXFileReference; lastKnownFileType = image.png; path = "SVWebViewControllerActivityChrome-iPad@2x.png"; sourceTree = "<group>"; };
		D3FD0DBF19E5732E00DE43E5 /* SVWebViewControllerActivityChrome.h */ = {isa = PBXFileReference; fileEncoding = 4; lastKnownFileType = sourcecode.c.h; path = SVWebViewControllerActivityChrome.h; sourceTree = "<group>"; };
		D3FD0DC019E5732E00DE43E5 /* SVWebViewControllerActivityChrome.m */ = {isa = PBXFileReference; fileEncoding = 4; lastKnownFileType = sourcecode.c.objc; path = SVWebViewControllerActivityChrome.m; sourceTree = "<group>"; };
		D3FD0DC119E5732E00DE43E5 /* SVWebViewControllerActivityChrome@2x.png */ = {isa = PBXFileReference; lastKnownFileType = image.png; path = "SVWebViewControllerActivityChrome@2x.png"; sourceTree = "<group>"; };
		D3FD0DC319E5732E00DE43E5 /* SVWebViewControllerActivitySafari-iPad.png */ = {isa = PBXFileReference; lastKnownFileType = image.png; path = "SVWebViewControllerActivitySafari-iPad.png"; sourceTree = "<group>"; };
		D3FD0DC419E5732E00DE43E5 /* SVWebViewControllerActivitySafari-iPad@2x.png */ = {isa = PBXFileReference; lastKnownFileType = image.png; path = "SVWebViewControllerActivitySafari-iPad@2x.png"; sourceTree = "<group>"; };
		D3FD0DC519E5732E00DE43E5 /* SVWebViewControllerActivitySafari.h */ = {isa = PBXFileReference; fileEncoding = 4; lastKnownFileType = sourcecode.c.h; path = SVWebViewControllerActivitySafari.h; sourceTree = "<group>"; };
		D3FD0DC619E5732E00DE43E5 /* SVWebViewControllerActivitySafari.m */ = {isa = PBXFileReference; fileEncoding = 4; lastKnownFileType = sourcecode.c.objc; path = SVWebViewControllerActivitySafari.m; sourceTree = "<group>"; };
		D3FD0DC719E5732E00DE43E5 /* SVWebViewControllerActivitySafari@2x.png */ = {isa = PBXFileReference; lastKnownFileType = image.png; path = "SVWebViewControllerActivitySafari@2x.png"; sourceTree = "<group>"; };
		D3FD0DC819E5732E00DE43E5 /* SVWebViewControllerActivity.h */ = {isa = PBXFileReference; fileEncoding = 4; lastKnownFileType = sourcecode.c.h; path = SVWebViewControllerActivity.h; sourceTree = "<group>"; };
		D3FD0DC919E5732E00DE43E5 /* SVWebViewControllerActivity.m */ = {isa = PBXFileReference; fileEncoding = 4; lastKnownFileType = sourcecode.c.objc; path = SVWebViewControllerActivity.m; sourceTree = "<group>"; };
		D3FD0DCA19E5732E00DE43E5 /* zh-Hans */ = {isa = PBXFileReference; lastKnownFileType = text.plist.strings; name = "zh-Hans"; path = "zh-Hans.lproj/SVWebViewController.strings"; sourceTree = "<group>"; };
		D3FD0DCB19E5732E00DE43E5 /* zh-Hant */ = {isa = PBXFileReference; lastKnownFileType = text.plist.strings; name = "zh-Hant"; path = "zh-Hant.lproj/SVWebViewController.strings"; sourceTree = "<group>"; };
/* End PBXFileReference section */

/* Begin PBXFrameworksBuildPhase section */
		D353348119E544DF0060B70D /* Frameworks */ = {
			isa = PBXFrameworksBuildPhase;
			buildActionMask = 2147483647;
			files = (
				D35334BE19E547FB0060B70D /* SystemConfiguration.framework in Frameworks */,
				D35334BC19E547F30060B70D /* Security.framework in Frameworks */,
				D35334BA19E547ED0060B70D /* CFNetwork.framework in Frameworks */,
				B83E51451AAFA61900417CF8 /* Firebase.framework in Frameworks */,
				D35334B819E547E50060B70D /* libc++.dylib in Frameworks */,
				D35334B619E547DB0060B70D /* libicucore.dylib in Frameworks */,
				F323E55FD2E34BFA8DBE8609 /* libPods.a in Frameworks */,
				7BF7236DBB6F8DECF07BE6F7 /* BuddyBuildSDK.framework in Frameworks */,
				A2BBE965BF22085A4F5BA310 /* AssetsLibrary.framework in Frameworks */,
				F0F8F9D5A235E8B8841EDAD3 /* CoreText.framework in Frameworks */,
				01B379F5A934F5A695FE4EBE /* CoreTelephony.framework in Frameworks */,
			);
			runOnlyForDeploymentPostprocessing = 0;
		};
		D353349A19E544DF0060B70D /* Frameworks */ = {
			isa = PBXFrameworksBuildPhase;
			buildActionMask = 2147483647;
			files = (
			);
			runOnlyForDeploymentPostprocessing = 0;
		};
/* End PBXFrameworksBuildPhase section */

/* Begin PBXGroup section */
		3CCBC95BC1F04744BEDD8C89 /* Frameworks */ = {
			isa = PBXGroup;
			children = (
				B83E51441AAFA61900417CF8 /* Firebase.framework */,
				D35334BD19E547FB0060B70D /* SystemConfiguration.framework */,
				D35334BB19E547F30060B70D /* Security.framework */,
				D35334B919E547ED0060B70D /* CFNetwork.framework */,
				D35334B719E547E50060B70D /* libc++.dylib */,
				D35334B519E547DB0060B70D /* libicucore.dylib */,
				7571192AB6564A6EA5F9166D /* libPods.a */,
				B01E96B3A79F28B404E5C7A9 /* BuddyBuildSDK.framework */,
				BD1FC0EBF17F4736BDCFA467 /* AssetsLibrary.framework */,
				0C92DDFA69BAF80A92B93D6C /* CoreText.framework */,
				06D73468330AC5A1C4998148 /* CoreTelephony.framework */,
			);
			name = Frameworks;
			sourceTree = "<group>";
		};
		B80AAB6819F96B3400B6A895 /* Utils */ = {
			isa = PBXGroup;
			children = (
				B855F11B1A0E5840006014AD /* Reachability */,
				B80AAB6919F96B5100B6A895 /* RandomColor.h */,
				B80AAB6A19F96B5100B6A895 /* RandomColor.m */,
				B8A35BA41A01AB8300140CD8 /* Utils.h */,
				B8A35BA51A01AB8300140CD8 /* Utils.m */,
			);
			name = Utils;
			sourceTree = "<group>";
		};
		B80ACB9D1A59FA5A007DC58C /* Core Data */ = {
			isa = PBXGroup;
			children = (
				D360023E1A6D418300DBAD35 /* Model.xcdatamodeld */,
				B80ACB9E1A59FAA3007DC58C /* Story.h */,
				B80ACB9F1A59FAA3007DC58C /* Story.m */,
				B8CDFE321A5B7B1900E2D9CC /* DataStore.h */,
				B8CDFE331A5B7B1900E2D9CC /* DataStore.m */,
			);
			name = "Core Data";
			sourceTree = "<group>";
		};
		B855F11B1A0E5840006014AD /* Reachability */ = {
			isa = PBXGroup;
			children = (
				B866190C1A0517530064976C /* Reachability.h */,
				B866190D1A0517530064976C /* Reachability.m */,
				B855F11C1A0E5881006014AD /* ReachabilityManager.h */,
				B855F11D1A0E5881006014AD /* ReachabilityManager.m */,
			);
			name = Reachability;
			sourceTree = "<group>";
		};
		B8929A3B19E7202400DCA903 /* View Controllers */ = {
			isa = PBXGroup;
			children = (
				B8B0312E1A04F53200B6B0AE /* PrepareStoriesViewController.h */,
				B8B0312F1A04F53200B6B0AE /* PrepareStoriesViewController.m */,
				D35334AD19E546900060B70D /* TableViewController.h */,
				D35334AE19E546900060B70D /* TableViewController.m */,
				B8929A3819E7201900DCA903 /* CommentsViewController.h */,
				B8929A3919E7201900DCA903 /* CommentsViewController.m */,
				B80FB6CF19E988F800CE7A21 /* PrepareCommentsViewController.h */,
				B80FB6D019E988F800CE7A21 /* PrepareCommentsViewController.m */,
				B888605719EB289A00AF773F /* ProfileViewController.h */,
				B888605819EB289A00AF773F /* ProfileViewController.m */,
				B87E256519F6D2F4000773A2 /* PrepareProfileViewController.h */,
				B87E256619F6D2F4000773A2 /* PrepareProfileViewController.m */,
				B8C207911AB0D46300F6A5C2 /* CustomRevealViewController.h */,
				B8C207921AB0D46300F6A5C2 /* CustomRevealViewController.m */,
				B8C207971AB0DF8600F6A5C2 /* MenuViewController.h */,
				B8C207981AB0DF8600F6A5C2 /* MenuViewController.m */,
			);
			name = "View Controllers";
			path = ..;
			sourceTree = "<group>";
		};
		B8C2079B1AB0E86200F6A5C2 /* BackButton2 */ = {
			isa = PBXGroup;
			children = (
				B8C2079C1AB0E86200F6A5C2 /* backButton2.png */,
				B8C2079D1AB0E86200F6A5C2 /* backButton2@2x.png */,
				B8C2079E1AB0E86200F6A5C2 /* backButton2@3x.png */,
				B8C2079F1AB0E86200F6A5C2 /* backButton2Large.png */,
			);
			name = BackButton2;
			path = Assets/BackButton2;
			sourceTree = "<group>";
		};
		B8C207A01AB0E86200F6A5C2 /* Icons */ = {
			isa = PBXGroup;
			children = (
				B8C207A11AB0E86200F6A5C2 /* hnIconThin6.png */,
				B8C207A21AB0E86200F6A5C2 /* Icon-40.png */,
				B8C207A31AB0E86200F6A5C2 /* Icon-40@2x.png */,
				B8C207A41AB0E86200F6A5C2 /* Icon-40@3x.png */,
				B8C207A51AB0E86200F6A5C2 /* Icon-60@2x.png */,
				B8C207A61AB0E86200F6A5C2 /* Icon-60@3x.png */,
				B8C207A71AB0E86200F6A5C2 /* Icon-76.png */,
				B8C207A81AB0E86200F6A5C2 /* Icon-76@2x.png */,
				B8C207A91AB0E86200F6A5C2 /* Icon-Small.png */,
				B8C207AA1AB0E86200F6A5C2 /* Icon-Small@2x.png */,
				B8C207AB1AB0E86200F6A5C2 /* Icon-Small@3x.png */,
			);
			name = Icons;
			path = Assets/Icons;
			sourceTree = "<group>";
		};
		B8C207C51AB0ED8900F6A5C2 /* MenuButton */ = {
			isa = PBXGroup;
			children = (
				B8C207C61AB0ED8900F6A5C2 /* menuButton.png */,
				B8C207C71AB0ED8900F6A5C2 /* menuButton@2x.png */,
				B8C207C81AB0ED8900F6A5C2 /* menuButton@3x.png */,
			);
			name = MenuButton;
			path = Assets/MenuButton;
			sourceTree = "<group>";
		};
		B8C25C9019E70D3300A0BE8E /* Assets */ = {
			isa = PBXGroup;
			children = (
				B8B2D57D1AB50CCB0004C73D /* xButton.png */,
				D35F9D9B1AB1D08A0043374B /* flower.jpg */,
				B8C207C51AB0ED8900F6A5C2 /* MenuButton */,
				B8C2079B1AB0E86200F6A5C2 /* BackButton2 */,
				B8C207A01AB0E86200F6A5C2 /* Icons */,
			);
			name = Assets;
			sourceTree = "<group>";
		};
		B8C7CB3C19E5E0850069A312 /* Categories */ = {
			isa = PBXGroup;
			children = (
				B8C7CB3A19E5DA860069A312 /* NSString+ExtractDomain.h */,
				B8C7CB3919E5DA860069A312 /* NSString+ExtractDomain.m */,
				D3305AA91A0A7B620063B3A0 /* NSString+RemoveTag.h */,
				D3305AAA1A0A7B620063B3A0 /* NSString+RemoveTag.m */,
			);
			name = Categories;
			sourceTree = "<group>";
		};
		B8C7CB3D19E5E1050069A312 /* Views */ = {
			isa = PBXGroup;
			children = (
				B8CD21171A584060006A5526 /* CircleView.h */,
				B8CD21181A584060006A5526 /* CircleView.m */,
				D344D68719E59A8900EE5880 /* HNTableViewCell.h */,
				D344D68819E59A8900EE5880 /* HNTableViewCell.m */,
				B8EE1B3B19E8551B004267EA /* CommentTableViewCell.h */,
				B8EE1B3C19E8551B004267EA /* CommentTableViewCell.m */,
				B8F52FC519E884DA00C7F640 /* labelVIew.h */,
				B8F52FC619E884DA00C7F640 /* labelVIew.m */,
				B89878C119EDAAB200F78332 /* UIButton+Extension.h */,
				B89878C219EDAAB200F78332 /* UIButton+Extension.m */,
				B8BE606A1A0257FD005720DE /* UIButton2Tags.h */,
				B8BE606B1A0257FD005720DE /* UIButton2Tags.m */,
				B83E26C31A03F65200B14C30 /* ProfileViewCell.h */,
				B83E26C41A03F65200B14C30 /* ProfileViewCell.m */,
				D35F9D961AB1CA150043374B /* MenuTableViewCell.h */,
				D35F9D971AB1CA150043374B /* MenuTableViewCell.m */,
				B8B2D56E1AB4BAFA0004C73D /* MenuIconTableViewCell.h */,
				B8B2D56F1AB4BAFA0004C73D /* MenuIconTableViewCell.m */,
				B8B2D57F1AB5142A0004C73D /* UIButtonCustomHighlight.h */,
				B8B2D5801AB5142A0004C73D /* UIButtonCustomHighlight.m */,
			);
			name = Views;
			path = ..;
			sourceTree = "<group>";
		};
		BC3E9ADE4FF0B51DA2D2A780 /* Pods */ = {
			isa = PBXGroup;
			children = (
				7A18F70820EDFA133FF4A3EF /* Pods.debug.xcconfig */,
				CE9D1F71A24EDB448C82F3CD /* Pods.release.xcconfig */,
			);
			name = Pods;
			sourceTree = "<group>";
		};
		D353347B19E544DF0060B70D = {
			isa = PBXGroup;
			children = (
				B80ACB9D1A59FA5A007DC58C /* Core Data */,
				B80AAB6819F96B3400B6A895 /* Utils */,
				B8C25C9019E70D3300A0BE8E /* Assets */,
				B8C7CB3C19E5E0850069A312 /* Categories */,
				D3FD0DAC19E5732E00DE43E5 /* SVWebViewController */,
				D353348619E544DF0060B70D /* hn */,
				D35334A019E544DF0060B70D /* hnTests */,
				D353348519E544DF0060B70D /* Products */,
				3CCBC95BC1F04744BEDD8C89 /* Frameworks */,
				BC3E9ADE4FF0B51DA2D2A780 /* Pods */,
			);
			sourceTree = "<group>";
		};
		D353348519E544DF0060B70D /* Products */ = {
			isa = PBXGroup;
			children = (
				D353348419E544DF0060B70D /* hn.app */,
				D353349D19E544DF0060B70D /* hnTests.xctest */,
			);
			name = Products;
			sourceTree = "<group>";
		};
		D353348619E544DF0060B70D /* hn */ = {
			isa = PBXGroup;
			children = (
				B8C7CB3D19E5E1050069A312 /* Views */,
				B8929A3B19E7202400DCA903 /* View Controllers */,
				D35334B019E546D80060B70D /* Main.storyboard */,
				D353348B19E544DF0060B70D /* AppDelegate.h */,
				D353348C19E544DF0060B70D /* AppDelegate.m */,
				D353349419E544DF0060B70D /* Images.xcassets */,
				D353349619E544DF0060B70D /* LaunchScreen.xib */,
				D353348719E544DF0060B70D /* Supporting Files */,
			);
			path = hn;
			sourceTree = "<group>";
		};
		D353348719E544DF0060B70D /* Supporting Files */ = {
			isa = PBXGroup;
			children = (
				D353348819E544DF0060B70D /* Info.plist */,
				D353348919E544DF0060B70D /* main.m */,
			);
			name = "Supporting Files";
			sourceTree = "<group>";
		};
		D35334A019E544DF0060B70D /* hnTests */ = {
			isa = PBXGroup;
			children = (
				D35334A319E544DF0060B70D /* hnTests.m */,
				D35334A119E544DF0060B70D /* Supporting Files */,
			);
			path = hnTests;
			sourceTree = "<group>";
		};
		D35334A119E544DF0060B70D /* Supporting Files */ = {
			isa = PBXGroup;
			children = (
				D35334A219E544DF0060B70D /* Info.plist */,
			);
			name = "Supporting Files";
			sourceTree = "<group>";
		};
		D3FD0DAC19E5732E00DE43E5 /* SVWebViewController */ = {
			isa = PBXGroup;
			children = (
				B8B2D5741AB5055E0004C73D /* SVWebViewControllerCustomForModal.h */,
				B8B2D5751AB5055E0004C73D /* SVWebViewControllerCustomForModal.m */,
				B8B2D5711AB4FC840004C73D /* SVModalWebViewController.h */,
				B8B2D5721AB4FC840004C73D /* SVModalWebViewController.m */,
				D3FD0DAD19E5732E00DE43E5 /* SVWebViewController.strings */,
				D3FD0DB819E5732E00DE43E5 /* SVWebViewController.bundle */,
				D3FD0DB919E5732E00DE43E5 /* SVWebViewController.h */,
				D3FD0DBA19E5732E00DE43E5 /* SVWebViewController.m */,
				D3FD0DBB19E5732E00DE43E5 /* UIActivities */,
			);
			path = SVWebViewController;
			sourceTree = "<group>";
		};
		D3FD0DBB19E5732E00DE43E5 /* UIActivities */ = {
			isa = PBXGroup;
			children = (
				D3FD0DBC19E5732E00DE43E5 /* Chrome */,
				D3FD0DC219E5732E00DE43E5 /* Safari */,
				D3FD0DC819E5732E00DE43E5 /* SVWebViewControllerActivity.h */,
				D3FD0DC919E5732E00DE43E5 /* SVWebViewControllerActivity.m */,
			);
			path = UIActivities;
			sourceTree = "<group>";
		};
		D3FD0DBC19E5732E00DE43E5 /* Chrome */ = {
			isa = PBXGroup;
			children = (
				D3FD0DBD19E5732E00DE43E5 /* SVWebViewControllerActivityChrome-iPad.png */,
				D3FD0DBE19E5732E00DE43E5 /* SVWebViewControllerActivityChrome-iPad@2x.png */,
				D3FD0DBF19E5732E00DE43E5 /* SVWebViewControllerActivityChrome.h */,
				D3FD0DC019E5732E00DE43E5 /* SVWebViewControllerActivityChrome.m */,
				D3FD0DC119E5732E00DE43E5 /* SVWebViewControllerActivityChrome@2x.png */,
			);
			path = Chrome;
			sourceTree = "<group>";
		};
		D3FD0DC219E5732E00DE43E5 /* Safari */ = {
			isa = PBXGroup;
			children = (
				D3FD0DC319E5732E00DE43E5 /* SVWebViewControllerActivitySafari-iPad.png */,
				D3FD0DC419E5732E00DE43E5 /* SVWebViewControllerActivitySafari-iPad@2x.png */,
				D3FD0DC519E5732E00DE43E5 /* SVWebViewControllerActivitySafari.h */,
				D3FD0DC619E5732E00DE43E5 /* SVWebViewControllerActivitySafari.m */,
				D3FD0DC719E5732E00DE43E5 /* SVWebViewControllerActivitySafari@2x.png */,
			);
			path = Safari;
			sourceTree = "<group>";
		};
/* End PBXGroup section */

/* Begin PBXNativeTarget section */
		D353348319E544DF0060B70D /* hn */ = {
			isa = PBXNativeTarget;
			buildConfigurationList = D35334A719E544DF0060B70D /* Build configuration list for PBXNativeTarget "hn" */;
			buildPhases = (
				C5B42BF064784241A226E742 /* Check Pods Manifest.lock */,
				D353348019E544DF0060B70D /* Sources */,
				D353348119E544DF0060B70D /* Frameworks */,
				D353348219E544DF0060B70D /* Resources */,
				0E038D645EF94FEDBDDB9CE4 /* Copy Pods Resources */,
			);
			buildRules = (
			);
			dependencies = (
			);
			name = hn;
			productName = hn;
			productReference = D353348419E544DF0060B70D /* hn.app */;
			productType = "com.apple.product-type.application";
		};
		D353349C19E544DF0060B70D /* hnTests */ = {
			isa = PBXNativeTarget;
			buildConfigurationList = D35334AA19E544DF0060B70D /* Build configuration list for PBXNativeTarget "hnTests" */;
			buildPhases = (
				D353349919E544DF0060B70D /* Sources */,
				D353349A19E544DF0060B70D /* Frameworks */,
				D353349B19E544DF0060B70D /* Resources */,
			);
			buildRules = (
			);
			dependencies = (
				D353349F19E544DF0060B70D /* PBXTargetDependency */,
			);
			name = hnTests;
			productName = hnTests;
			productReference = D353349D19E544DF0060B70D /* hnTests.xctest */;
			productType = "com.apple.product-type.bundle.unit-test";
		};
/* End PBXNativeTarget section */

/* Begin PBXProject section */
		D353347C19E544DF0060B70D /* Project object */ = {
			isa = PBXProject;
			attributes = {
				LastUpgradeCheck = 0600;
				ORGANIZATIONNAME = Marcin;
				TargetAttributes = {
					D353348319E544DF0060B70D = {
						CreatedOnToolsVersion = 6.0.1;
					};
					D353349C19E544DF0060B70D = {
						CreatedOnToolsVersion = 6.0.1;
						TestTargetID = D353348319E544DF0060B70D;
					};
				};
			};
			buildConfigurationList = D353347F19E544DF0060B70D /* Build configuration list for PBXProject "hn" */;
			compatibilityVersion = "Xcode 3.2";
			developmentRegion = English;
			hasScannedForEncodings = 0;
			knownRegions = (
				en,
				Base,
				da,
				de,
				"es-ES",
				es,
				fr,
				ja,
				pt,
				"zh-Hans",
				"zh-Hant",
			);
			mainGroup = D353347B19E544DF0060B70D;
			productRefGroup = D353348519E544DF0060B70D /* Products */;
			projectDirPath = "";
			projectRoot = "";
			targets = (
				D353348319E544DF0060B70D /* hn */,
				D353349C19E544DF0060B70D /* hnTests */,
			);
		};
/* End PBXProject section */

/* Begin PBXResourcesBuildPhase section */
		D353348219E544DF0060B70D /* Resources */ = {
			isa = PBXResourcesBuildPhase;
			buildActionMask = 2147483647;
			files = (
				B8C207CA1AB0ED8900F6A5C2 /* menuButton@2x.png in Resources */,
				D35334B219E546D80060B70D /* Main.storyboard in Resources */,
				D3FD0DCC19E5732E00DE43E5 /* SVWebViewController.strings in Resources */,
				B8C207B71AB0E86200F6A5C2 /* Icon-40@3x.png in Resources */,
				D353349819E544DF0060B70D /* LaunchScreen.xib in Resources */,
				B8C207BB1AB0E86200F6A5C2 /* Icon-76@2x.png in Resources */,
				B8B2D57E1AB50CCB0004C73D /* xButton.png in Resources */,
				B8C207B41AB0E86200F6A5C2 /* hnIconThin6.png in Resources */,
				B8C207BC1AB0E86200F6A5C2 /* Icon-Small.png in Resources */,
				D35F9D9C1AB1D08A0043374B /* flower.jpg in Resources */,
				D3FD0DD019E5732E00DE43E5 /* SVWebViewControllerActivityChrome-iPad.png in Resources */,
				B8C207B91AB0E86200F6A5C2 /* Icon-60@3x.png in Resources */,
				B8C207B11AB0E86200F6A5C2 /* backButton2@2x.png in Resources */,
				D3FD0DD519E5732E00DE43E5 /* SVWebViewControllerActivitySafari-iPad@2x.png in Resources */,
				B8C207B31AB0E86200F6A5C2 /* backButton2Large.png in Resources */,
				D3FD0DD719E5732E00DE43E5 /* SVWebViewControllerActivitySafari@2x.png in Resources */,
				B8C207BA1AB0E86200F6A5C2 /* Icon-76.png in Resources */,
				D3FD0DD119E5732E00DE43E5 /* SVWebViewControllerActivityChrome-iPad@2x.png in Resources */,
				B8C207BD1AB0E86200F6A5C2 /* Icon-Small@2x.png in Resources */,
				B8C207C91AB0ED8900F6A5C2 /* menuButton.png in Resources */,
				B8C207CB1AB0ED8900F6A5C2 /* menuButton@3x.png in Resources */,
				D3FD0DCE19E5732E00DE43E5 /* SVWebViewController.bundle in Resources */,
				D3FD0DD319E5732E00DE43E5 /* SVWebViewControllerActivityChrome@2x.png in Resources */,
				D353349519E544DF0060B70D /* Images.xcassets in Resources */,
				B8C207B01AB0E86200F6A5C2 /* backButton2.png in Resources */,
				D3FD0DD419E5732E00DE43E5 /* SVWebViewControllerActivitySafari-iPad.png in Resources */,
				B8C207B51AB0E86200F6A5C2 /* Icon-40.png in Resources */,
				B8C207B81AB0E86200F6A5C2 /* Icon-60@2x.png in Resources */,
				B8C207BE1AB0E86200F6A5C2 /* Icon-Small@3x.png in Resources */,
				B8C207B21AB0E86200F6A5C2 /* backButton2@3x.png in Resources */,
				B8C207B61AB0E86200F6A5C2 /* Icon-40@2x.png in Resources */,
			);
			runOnlyForDeploymentPostprocessing = 0;
		};
		D353349B19E544DF0060B70D /* Resources */ = {
			isa = PBXResourcesBuildPhase;
			buildActionMask = 2147483647;
			files = (
			);
			runOnlyForDeploymentPostprocessing = 0;
		};
/* End PBXResourcesBuildPhase section */

/* Begin PBXShellScriptBuildPhase section */
		0E038D645EF94FEDBDDB9CE4 /* Copy Pods Resources */ = {
			isa = PBXShellScriptBuildPhase;
			buildActionMask = 2147483647;
			files = (
			);
			inputPaths = (
			);
			name = "Copy Pods Resources";
			outputPaths = (
			);
			runOnlyForDeploymentPostprocessing = 0;
			shellPath = /bin/sh;
			shellScript = "\"${SRCROOT}/Pods/Target Support Files/Pods/Pods-resources.sh\"\n";
			showEnvVarsInLog = 0;
		};
		C5B42BF064784241A226E742 /* Check Pods Manifest.lock */ = {
			isa = PBXShellScriptBuildPhase;
			buildActionMask = 2147483647;
			files = (
			);
			inputPaths = (
			);
			name = "Check Pods Manifest.lock";
			outputPaths = (
			);
			runOnlyForDeploymentPostprocessing = 0;
			shellPath = /bin/sh;
			shellScript = "diff \"${PODS_ROOT}/../Podfile.lock\" \"${PODS_ROOT}/Manifest.lock\" > /dev/null\nif [[ $? != 0 ]] ; then\n    cat << EOM\nerror: The sandbox is not in sync with the Podfile.lock. Run 'pod install' or update your CocoaPods installation.\nEOM\n    exit 1\nfi\n";
			showEnvVarsInLog = 0;
		};
/* End PBXShellScriptBuildPhase section */

/* Begin PBXSourcesBuildPhase section */
		D353348019E544DF0060B70D /* Sources */ = {
			isa = PBXSourcesBuildPhase;
			buildActionMask = 2147483647;
			files = (
				B83E26C51A03F65200B14C30 /* ProfileViewCell.m in Sources */,
				B8CD21191A584060006A5526 /* CircleView.m in Sources */,
				D3FD0DCF19E5732E00DE43E5 /* SVWebViewController.m in Sources */,
				D36002381A6D3F9900DBAD35 /* NSString+ExtractDomain.m in Sources */,
				B80ACBA01A59FAA3007DC58C /* Story.m in Sources */,
				D353348D19E544DF0060B70D /* AppDelegate.m in Sources */,
				D35F9D981AB1CA150043374B /* MenuTableViewCell.m in Sources */,
				B8C7CB3B19E5DA860069A312 /* NSString+ExtractDomain.h in Sources */,
				B80FB6D119E988F800CE7A21 /* PrepareCommentsViewController.m in Sources */,
				D3305AAB1A0A7B620063B3A0 /* NSString+RemoveTag.m in Sources */,
				B888605919EB289A00AF773F /* ProfileViewController.m in Sources */,
				D344D68919E59A8900EE5880 /* HNTableViewCell.m in Sources */,
				D3FD0DD819E5732E00DE43E5 /* SVWebViewControllerActivity.m in Sources */,
				D35334AF19E546900060B70D /* TableViewController.m in Sources */,
				B8BE606C1A0257FD005720DE /* UIButton2Tags.m in Sources */,
				B87E256719F6D2F4000773A2 /* PrepareProfileViewController.m in Sources */,
				B8B2D5701AB4BAFA0004C73D /* MenuIconTableViewCell.m in Sources */,
				B8B2D5761AB5055E0004C73D /* SVWebViewControllerCustomForModal.m in Sources */,
				B855F11E1A0E5881006014AD /* ReachabilityManager.m in Sources */,
				B8A35BA61A01AB8300140CD8 /* Utils.m in Sources */,
				B8EE1B3D19E8551B004267EA /* CommentTableViewCell.m in Sources */,
				B8B2D5811AB5142A0004C73D /* UIButtonCustomHighlight.m in Sources */,
				B8B031301A04F53200B6B0AE /* PrepareStoriesViewController.m in Sources */,
				B866190E1A0517530064976C /* Reachability.m in Sources */,
				B8C207991AB0DF8600F6A5C2 /* MenuViewController.m in Sources */,
				B8C207931AB0D46300F6A5C2 /* CustomRevealViewController.m in Sources */,
				D353348A19E544DF0060B70D /* main.m in Sources */,
				B8CDFE341A5B7B1900E2D9CC /* DataStore.m in Sources */,
				B8B2D5731AB4FC840004C73D /* SVModalWebViewController.m in Sources */,
				B89878C319EDAAB200F78332 /* UIButton+Extension.m in Sources */,
				B80AAB6B19F96B5100B6A895 /* RandomColor.m in Sources */,
				D3FD0DD219E5732E00DE43E5 /* SVWebViewControllerActivityChrome.m in Sources */,
				B8F52FC719E884DA00C7F640 /* labelVIew.m in Sources */,
				B8929A3A19E7201900DCA903 /* CommentsViewController.m in Sources */,
				D3FD0DD619E5732E00DE43E5 /* SVWebViewControllerActivitySafari.m in Sources */,
				D36002401A6D418300DBAD35 /* Model.xcdatamodeld in Sources */,
			);
			runOnlyForDeploymentPostprocessing = 0;
		};
		D353349919E544DF0060B70D /* Sources */ = {
			isa = PBXSourcesBuildPhase;
			buildActionMask = 2147483647;
			files = (
				D35334A419E544DF0060B70D /* hnTests.m in Sources */,
			);
			runOnlyForDeploymentPostprocessing = 0;
		};
/* End PBXSourcesBuildPhase section */

/* Begin PBXTargetDependency section */
		D353349F19E544DF0060B70D /* PBXTargetDependency */ = {
			isa = PBXTargetDependency;
			target = D353348319E544DF0060B70D /* hn */;
			targetProxy = D353349E19E544DF0060B70D /* PBXContainerItemProxy */;
		};
/* End PBXTargetDependency section */

/* Begin PBXVariantGroup section */
		D353349619E544DF0060B70D /* LaunchScreen.xib */ = {
			isa = PBXVariantGroup;
			children = (
				D353349719E544DF0060B70D /* Base */,
			);
			name = LaunchScreen.xib;
			sourceTree = "<group>";
		};
		D35334B019E546D80060B70D /* Main.storyboard */ = {
			isa = PBXVariantGroup;
			children = (
				D35334B119E546D80060B70D /* Base */,
			);
			name = Main.storyboard;
			sourceTree = "<group>";
		};
		D3FD0DAD19E5732E00DE43E5 /* SVWebViewController.strings */ = {
			isa = PBXVariantGroup;
			children = (
				D3FD0DAE19E5732E00DE43E5 /* da */,
				D3FD0DAF19E5732E00DE43E5 /* de */,
				D3FD0DB019E5732E00DE43E5 /* en */,
				D3FD0DB119E5732E00DE43E5 /* es-ES */,
				D3FD0DB219E5732E00DE43E5 /* es */,
				D3FD0DB319E5732E00DE43E5 /* fr */,
				D3FD0DB419E5732E00DE43E5 /* ja */,
				D3FD0DB519E5732E00DE43E5 /* pt */,
				D3FD0DCA19E5732E00DE43E5 /* zh-Hans */,
				D3FD0DCB19E5732E00DE43E5 /* zh-Hant */,
			);
			name = SVWebViewController.strings;
			sourceTree = "<group>";
		};
/* End PBXVariantGroup section */

/* Begin XCBuildConfiguration section */
		D35334A519E544DF0060B70D /* Debug */ = {
			isa = XCBuildConfiguration;
			buildSettings = {
				ALWAYS_SEARCH_USER_PATHS = NO;
				CLANG_CXX_LANGUAGE_STANDARD = "gnu++0x";
				CLANG_CXX_LIBRARY = "libc++";
				CLANG_ENABLE_MODULES = YES;
				CLANG_ENABLE_OBJC_ARC = YES;
				CLANG_WARN_BOOL_CONVERSION = YES;
				CLANG_WARN_CONSTANT_CONVERSION = YES;
				CLANG_WARN_DIRECT_OBJC_ISA_USAGE = YES_ERROR;
				CLANG_WARN_EMPTY_BODY = YES;
				CLANG_WARN_ENUM_CONVERSION = YES;
				CLANG_WARN_INT_CONVERSION = YES;
				CLANG_WARN_OBJC_ROOT_CLASS = YES_ERROR;
				CLANG_WARN_UNREACHABLE_CODE = YES;
				CLANG_WARN__DUPLICATE_METHOD_MATCH = YES;
				"CODE_SIGN_IDENTITY[sdk=iphoneos*]" = "iPhone Developer";
				COPY_PHASE_STRIP = NO;
				ENABLE_STRICT_OBJC_MSGSEND = YES;
				GCC_C_LANGUAGE_STANDARD = gnu99;
				GCC_DYNAMIC_NO_PIC = NO;
				GCC_OPTIMIZATION_LEVEL = 0;
				GCC_PREPROCESSOR_DEFINITIONS = (
					"DEBUG=1",
					"$(inherited)",
				);
				GCC_SYMBOLS_PRIVATE_EXTERN = NO;
				GCC_WARN_64_TO_32_BIT_CONVERSION = YES;
				GCC_WARN_ABOUT_RETURN_TYPE = YES_ERROR;
				GCC_WARN_UNDECLARED_SELECTOR = YES;
				GCC_WARN_UNINITIALIZED_AUTOS = YES_AGGRESSIVE;
				GCC_WARN_UNUSED_FUNCTION = YES;
				GCC_WARN_UNUSED_VARIABLE = YES;
				IPHONEOS_DEPLOYMENT_TARGET = 8.0;
				MTL_ENABLE_DEBUG_INFO = YES;
				ONLY_ACTIVE_ARCH = YES;
				SDKROOT = iphoneos;
				TARGETED_DEVICE_FAMILY = "1,2";
			};
			name = Debug;
		};
		D35334A619E544DF0060B70D /* Release */ = {
			isa = XCBuildConfiguration;
			buildSettings = {
				ALWAYS_SEARCH_USER_PATHS = NO;
				CLANG_CXX_LANGUAGE_STANDARD = "gnu++0x";
				CLANG_CXX_LIBRARY = "libc++";
				CLANG_ENABLE_MODULES = YES;
				CLANG_ENABLE_OBJC_ARC = YES;
				CLANG_WARN_BOOL_CONVERSION = YES;
				CLANG_WARN_CONSTANT_CONVERSION = YES;
				CLANG_WARN_DIRECT_OBJC_ISA_USAGE = YES_ERROR;
				CLANG_WARN_EMPTY_BODY = YES;
				CLANG_WARN_ENUM_CONVERSION = YES;
				CLANG_WARN_INT_CONVERSION = YES;
				CLANG_WARN_OBJC_ROOT_CLASS = YES_ERROR;
				CLANG_WARN_UNREACHABLE_CODE = YES;
				CLANG_WARN__DUPLICATE_METHOD_MATCH = YES;
				"CODE_SIGN_IDENTITY[sdk=iphoneos*]" = "iPhone Developer";
				COPY_PHASE_STRIP = YES;
				ENABLE_NS_ASSERTIONS = NO;
				ENABLE_STRICT_OBJC_MSGSEND = YES;
				GCC_C_LANGUAGE_STANDARD = gnu99;
				GCC_WARN_64_TO_32_BIT_CONVERSION = YES;
				GCC_WARN_ABOUT_RETURN_TYPE = YES_ERROR;
				GCC_WARN_UNDECLARED_SELECTOR = YES;
				GCC_WARN_UNINITIALIZED_AUTOS = YES_AGGRESSIVE;
				GCC_WARN_UNUSED_FUNCTION = YES;
				GCC_WARN_UNUSED_VARIABLE = YES;
				IPHONEOS_DEPLOYMENT_TARGET = 8.0;
				MTL_ENABLE_DEBUG_INFO = NO;
				SDKROOT = iphoneos;
				TARGETED_DEVICE_FAMILY = "1,2";
				VALIDATE_PRODUCT = YES;
			};
			name = Release;
		};
		D35334A819E544DF0060B70D /* Debug */ = {
			isa = XCBuildConfiguration;
			baseConfigurationReference = 7A18F70820EDFA133FF4A3EF /* Pods.debug.xcconfig */;
			buildSettings = {
				ASSETCATALOG_COMPILER_APPICON_NAME = AppIcon;
				CODE_SIGN_IDENTITY = "iPhone Developer: Marcin Kmiec (3S4YF97FHD)";
				FRAMEWORK_SEARCH_PATHS = (
					"$(inherited)",
					"$(PROJECT_DIR)/hn",
					"$(PROJECT_DIR)",
				);
				INFOPLIST_FILE = hn/Info.plist;
				IPHONEOS_DEPLOYMENT_TARGET = 8.1;
				LD_RUNPATH_SEARCH_PATHS = "$(inherited) @executable_path/Frameworks";
				OTHER_LDFLAGS = (
					"$(inherited)",
					"-ObjC",
				);
				PRODUCT_NAME = hn;
				PROVISIONING_PROFILE = "4fc97763-c9ca-44f0-8080-35bb5879ffc3";
				TARGETED_DEVICE_FAMILY = 1;
			};
			name = Debug;
		};
		D35334A919E544DF0060B70D /* Release */ = {
			isa = XCBuildConfiguration;
			baseConfigurationReference = CE9D1F71A24EDB448C82F3CD /* Pods.release.xcconfig */;
			buildSettings = {
				ASSETCATALOG_COMPILER_APPICON_NAME = AppIcon;
				CODE_SIGN_IDENTITY = "iPhone Developer: Marcin Kmiec (3S4YF97FHD)";
				FRAMEWORK_SEARCH_PATHS = (
					"$(inherited)",
					"$(PROJECT_DIR)/hn",
					"$(PROJECT_DIR)",
				);
				INFOPLIST_FILE = hn/Info.plist;
				IPHONEOS_DEPLOYMENT_TARGET = 8.1;
				LD_RUNPATH_SEARCH_PATHS = "$(inherited) @executable_path/Frameworks";
				OTHER_LDFLAGS = (
					"$(inherited)",
					"-ObjC",
				);
				PRODUCT_NAME = hn;
				PROVISIONING_PROFILE = "4fc97763-c9ca-44f0-8080-35bb5879ffc3";
				TARGETED_DEVICE_FAMILY = 1;
			};
			name = Release;
		};
		D35334AB19E544DF0060B70D /* Debug */ = {
			isa = XCBuildConfiguration;
			buildSettings = {
				BUNDLE_LOADER = "$(TEST_HOST)";
				FRAMEWORK_SEARCH_PATHS = (
					"$(SDKROOT)/Developer/Library/Frameworks",
					"$(inherited)",
				);
				GCC_PREPROCESSOR_DEFINITIONS = (
					"DEBUG=1",
					"$(inherited)",
				);
				INFOPLIST_FILE = hnTests/Info.plist;
				LD_RUNPATH_SEARCH_PATHS = "$(inherited) @executable_path/Frameworks @loader_path/Frameworks";
				PRODUCT_NAME = "$(TARGET_NAME)";
				TEST_HOST = "$(BUILT_PRODUCTS_DIR)/hn.app/hn";
			};
			name = Debug;
		};
		D35334AC19E544DF0060B70D /* Release */ = {
			isa = XCBuildConfiguration;
			buildSettings = {
				BUNDLE_LOADER = "$(TEST_HOST)";
				FRAMEWORK_SEARCH_PATHS = (
					"$(SDKROOT)/Developer/Library/Frameworks",
					"$(inherited)",
				);
				INFOPLIST_FILE = hnTests/Info.plist;
				LD_RUNPATH_SEARCH_PATHS = "$(inherited) @executable_path/Frameworks @loader_path/Frameworks";
				PRODUCT_NAME = "$(TARGET_NAME)";
				TEST_HOST = "$(BUILT_PRODUCTS_DIR)/hn.app/hn";
			};
			name = Release;
		};
/* End XCBuildConfiguration section */

/* Begin XCConfigurationList section */
		D353347F19E544DF0060B70D /* Build configuration list for PBXProject "hn" */ = {
			isa = XCConfigurationList;
			buildConfigurations = (
				D35334A519E544DF0060B70D /* Debug */,
				D35334A619E544DF0060B70D /* Release */,
			);
			defaultConfigurationIsVisible = 0;
			defaultConfigurationName = Release;
		};
		D35334A719E544DF0060B70D /* Build configuration list for PBXNativeTarget "hn" */ = {
			isa = XCConfigurationList;
			buildConfigurations = (
				D35334A819E544DF0060B70D /* Debug */,
				D35334A919E544DF0060B70D /* Release */,
			);
			defaultConfigurationIsVisible = 0;
			defaultConfigurationName = Release;
		};
		D35334AA19E544DF0060B70D /* Build configuration list for PBXNativeTarget "hnTests" */ = {
			isa = XCConfigurationList;
			buildConfigurations = (
				D35334AB19E544DF0060B70D /* Debug */,
				D35334AC19E544DF0060B70D /* Release */,
			);
			defaultConfigurationIsVisible = 0;
			defaultConfigurationName = Release;
		};
/* End XCConfigurationList section */

/* Begin XCVersionGroup section */
		D360023E1A6D418300DBAD35 /* Model.xcdatamodeld */ = {
			isa = XCVersionGroup;
			children = (
				D360023F1A6D418300DBAD35 /* Model.xcdatamodel */,
			);
			currentVersion = D360023F1A6D418300DBAD35 /* Model.xcdatamodel */;
			name = Model.xcdatamodeld;
			path = "Core Data/Model.xcdatamodeld";
			sourceTree = "<group>";
			versionGroupType = wrapper.xcdatamodel;
		};
/* End XCVersionGroup section */
	};
	rootObject = D353347C19E544DF0060B70D /* Project object */;
}
